
Microsoft Visual Studio Solution File, Format Version 12.00
# Visual Studio 15
VisualStudioVersion = 15.0.28307.168
MinimumVisualStudioVersion = 10.0.40219.1
Project("{FAE04EC0-301F-11D3-BF4B-00C04F79EFBC}") = "GCTOnlineServices", "GCTOnlineServices\GCTOnlineServices.csproj", "{D8AB11EB-FCAE-44C8-88E0-1906889CD22A}"
EndProject
Global
	GlobalSection(SolutionConfigurationPlatforms) = preSolution
		Debug|Any CPU = Debug|Any CPU
		Release|Any CPU = Release|Any CPU
	EndGlobalSection
	GlobalSection(ProjectConfigurationPlatforms) = postSolution
		{D8AB11EB-FCAE-44C8-88E0-1906889CD22A}.Debug|Any CPU.ActiveCfg = Debug|Any CPU
		{D8AB11EB-FCAE-44C8-88E0-1906889CD22A}.Debug|Any CPU.Build.0 = Debug|Any CPU
		{D8AB11EB-FCAE-44C8-88E0-1906889CD22A}.Release|Any CPU.ActiveCfg = Release|Any CPU
		{D8AB11EB-FCAE-44C8-88E0-1906889CD22A}.Release|Any CPU.Build.0 = Release|Any CPU
	EndGlobalSection
	GlobalSection(SolutionProperties) = preSolution
		HideSolutionNode = FALSE
	EndGlobalSection
	GlobalSection(ExtensibilityGlobals) = postSolution
		SolutionGuid = {26C9108C-65E7-440F-8CCA-A3916EEC9C31}
	EndGlobalSection
EndGlobal
